
Microsoft Visual Studio Solution File, Format Version 12.00
# Visual Studio Version 17
VisualStudioVersion = 17.0.32014.148
MinimumVisualStudioVersion = 10.0.40219.1
Project("{FAE04EC0-301F-11D3-BF4B-00C04F79EFBC}") = "Blog.Builder", "Blog.Builder\Blog.Builder.csproj", "{E4F6B0FF-B5B7-40BF-945E-736595E1D0C9}"
EndProject
Global
	GlobalSection(SolutionConfigurationPlatforms) = preSolution
		Debug|Any CPU = Debug|Any CPU
		Release|Any CPU = Release|Any CPU
	EndGlobalSection
	GlobalSection(ProjectConfigurationPlatforms) = postSolution
		{E4F6B0FF-B5B7-40BF-945E-736595E1D0C9}.Debug|Any CPU.ActiveCfg = Debug|Any CPU
		{E4F6B0FF-B5B7-40BF-945E-736595E1D0C9}.Debug|Any CPU.Build.0 = Debug|Any CPU
		{E4F6B0FF-B5B7-40BF-945E-736595E1D0C9}.Release|Any CPU.ActiveCfg = Release|Any CPU
		{E4F6B0FF-B5B7-40BF-945E-736595E1D0C9}.Release|Any CPU.Build.0 = Release|Any CPU
	EndGlobalSection
	GlobalSection(SolutionProperties) = preSolution
		HideSolutionNode = FALSE
	EndGlobalSection
	GlobalSection(ExtensibilityGlobals) = postSolution
		SolutionGuid = {BC36FB04-3CA6-4A47-A802-945CC477E989}
	EndGlobalSection
EndGlobal
